// !$*UTF8*$!
{
	archiveVersion = 1;
	classes = {
	};
	objectVersion = 50;
	objects = {

/* Begin PBXBuildFile section */
		FE7CB679255BAB7900B5034F /* AppDelegate.swift in Sources */ = {isa = PBXBuildFile; fileRef = FE7CB678255BAB7900B5034F /* AppDelegate.swift */; };
		FE7CB67B255BAB7900B5034F /* SceneDelegate.swift in Sources */ = {isa = PBXBuildFile; fileRef = FE7CB67A255BAB7900B5034F /* SceneDelegate.swift */; };
		FE7CB67D255BAB7900B5034F /* ViewController.swift in Sources */ = {isa = PBXBuildFile; fileRef = FE7CB67C255BAB7900B5034F /* ViewController.swift */; };
		FE7CB680255BAB7900B5034F /* Main.storyboard in Resources */ = {isa = PBXBuildFile; fileRef = FE7CB67E255BAB7900B5034F /* Main.storyboard */; };
		FE7CB682255BAB7C00B5034F /* Assets.xcassets in Resources */ = {isa = PBXBuildFile; fileRef = FE7CB681255BAB7C00B5034F /* Assets.xcassets */; };
		FE7CB685255BAB7C00B5034F /* LaunchScreen.storyboard in Resources */ = {isa = PBXBuildFile; fileRef = FE7CB683255BAB7C00B5034F /* LaunchScreen.storyboard */; };
		FE7CB690255BAB7D00B5034F /* VideoPlayerTests.swift in Sources */ = {isa = PBXBuildFile; fileRef = FE7CB68F255BAB7D00B5034F /* VideoPlayerTests.swift */; };
		FE7CB69B255BAB7D00B5034F /* VideoPlayerUITests.swift in Sources */ = {isa = PBXBuildFile; fileRef = FE7CB69A255BAB7D00B5034F /* VideoPlayerUITests.swift */; };
/* End PBXBuildFile section */

/* Begin PBXContainerItemProxy section */
		FE7CB68C255BAB7D00B5034F /* PBXContainerItemProxy */ = {
			isa = PBXContainerItemProxy;
			containerPortal = FE7CB66D255BAB7800B5034F /* Project object */;
			proxyType = 1;
			remoteGlobalIDString = FE7CB674255BAB7900B5034F;
			remoteInfo = VideoPlayer;
		};
		FE7CB697255BAB7D00B5034F /* PBXContainerItemProxy */ = {
			isa = PBXContainerItemProxy;
			containerPortal = FE7CB66D255BAB7800B5034F /* Project object */;
			proxyType = 1;
			remoteGlobalIDString = FE7CB674255BAB7900B5034F;
			remoteInfo = VideoPlayer;
		};
/* End PBXContainerItemProxy section */

/* Begin PBXFileReference section */
		FE7CB675255BAB7900B5034F /* VideoPlayer.app */ = {isa = PBXFileReference; explicitFileType = wrapper.application; includeInIndex = 0; path = VideoPlayer.app; sourceTree = BUILT_PRODUCTS_DIR; };
		FE7CB678255BAB7900B5034F /* AppDelegate.swift */ = {isa = PBXFileReference; lastKnownFileType = sourcecode.swift; path = AppDelegate.swift; sourceTree = "<group>"; };
		FE7CB67A255BAB7900B5034F /* SceneDelegate.swift */ = {isa = PBXFileReference; lastKnownFileType = sourcecode.swift; path = SceneDelegate.swift; sourceTree = "<group>"; };
		FE7CB67C255BAB7900B5034F /* ViewController.swift */ = {isa = PBXFileReference; lastKnownFileType = sourcecode.swift; path = ViewController.swift; sourceTree = "<group>"; };
		FE7CB67F255BAB7900B5034F /* Base */ = {isa = PBXFileReference; lastKnownFileType = file.storyboard; name = Base; path = Base.lproj/Main.storyboard; sourceTree = "<group>"; };
		FE7CB681255BAB7C00B5034F /* Assets.xcassets */ = {isa = PBXFileReference; lastKnownFileType = folder.assetcatalog; path = Assets.xcassets; sourceTree = "<group>"; };
		FE7CB684255BAB7C00B5034F /* Base */ = {isa = PBXFileReference; lastKnownFileType = file.storyboard; name = Base; path = Base.lproj/LaunchScreen.storyboard; sourceTree = "<group>"; };
		FE7CB686255BAB7C00B5034F /* Info.plist */ = {isa = PBXFileReference; lastKnownFileType = text.plist.xml; path = Info.plist; sourceTree = "<group>"; };
		FE7CB68B255BAB7D00B5034F /* VideoPlayerTests.xctest */ = {isa = PBXFileReference; explicitFileType = wrapper.cfbundle; includeInIndex = 0; path = VideoPlayerTests.xctest; sourceTree = BUILT_PRODUCTS_DIR; };
		FE7CB68F255BAB7D00B5034F /* VideoPlayerTests.swift */ = {isa = PBXFileReference; lastKnownFileType = sourcecode.swift; path = VideoPlayerTests.swift; sourceTree = "<group>"; };
		FE7CB691255BAB7D00B5034F /* Info.plist */ = {isa = PBXFileReference; lastKnownFileType = text.plist.xml; path = Info.plist; sourceTree = "<group>"; };
		FE7CB696255BAB7D00B5034F /* VideoPlayerUITests.xctest */ = {isa = PBXFileReference; explicitFileType = wrapper.cfbundle; includeInIndex = 0; path = VideoPlayerUITests.xctest; sourceTree = BUILT_PRODUCTS_DIR; };
		FE7CB69A255BAB7D00B5034F /* VideoPlayerUITests.swift */ = {isa = PBXFileReference; lastKnownFileType = sourcecode.swift; path = VideoPlayerUITests.swift; sourceTree = "<group>"; };
		FE7CB69C255BAB7D00B5034F /* Info.plist */ = {isa = PBXFileReference; lastKnownFileType = text.plist.xml; path = Info.plist; sourceTree = "<group>"; };
/* End PBXFileReference section */

/* Begin PBXFrameworksBuildPhase section */
		FE7CB672255BAB7900B5034F /* Frameworks */ = {
			isa = PBXFrameworksBuildPhase;
			buildActionMask = 2147483647;
			files = (
			);
			runOnlyForDeploymentPostprocessing = 0;
		};
		FE7CB688255BAB7D00B5034F /* Frameworks */ = {
			isa = PBXFrameworksBuildPhase;
			buildActionMask = 2147483647;
			files = (
			);
			runOnlyForDeploymentPostprocessing = 0;
		};
		FE7CB693255BAB7D00B5034F /* Frameworks */ = {
			isa = PBXFrameworksBuildPhase;
			buildActionMask = 2147483647;
			files = (
			);
			runOnlyForDeploymentPostprocessing = 0;
		};
/* End PBXFrameworksBuildPhase section */

/* Begin PBXGroup section */
		FE7CB66C255BAB7800B5034F = {
			isa = PBXGroup;
			children = (
				FE7CB677255BAB7900B5034F /* VideoPlayer */,
				FE7CB68E255BAB7D00B5034F /* VideoPlayerTests */,
				FE7CB699255BAB7D00B5034F /* VideoPlayerUITests */,
				FE7CB676255BAB7900B5034F /* Products */,
			);
			sourceTree = "<group>";
		};
		FE7CB676255BAB7900B5034F /* Products */ = {
			isa = PBXGroup;
			children = (
				FE7CB675255BAB7900B5034F /* VideoPlayer.app */,
				FE7CB68B255BAB7D00B5034F /* VideoPlayerTests.xctest */,
				FE7CB696255BAB7D00B5034F /* VideoPlayerUITests.xctest */,
			);
			name = Products;
			sourceTree = "<group>";
		};
		FE7CB677255BAB7900B5034F /* VideoPlayer */ = {
			isa = PBXGroup;
			children = (
				FE7CB678255BAB7900B5034F /* AppDelegate.swift */,
				FE7CB67A255BAB7900B5034F /* SceneDelegate.swift */,
				FE7CB67C255BAB7900B5034F /* ViewController.swift */,
				FE7CB67E255BAB7900B5034F /* Main.storyboard */,
				FE7CB681255BAB7C00B5034F /* Assets.xcassets */,
				FE7CB683255BAB7C00B5034F /* LaunchScreen.storyboard */,
				FE7CB686255BAB7C00B5034F /* Info.plist */,
			);
			path = VideoPlayer;
			sourceTree = "<group>";
		};
		FE7CB68E255BAB7D00B5034F /* VideoPlayerTests */ = {
			isa = PBXGroup;
			children = (
				FE7CB68F255BAB7D00B5034F /* VideoPlayerTests.swift */,
				FE7CB691255BAB7D00B5034F /* Info.plist */,
			);
			path = VideoPlayerTests;
			sourceTree = "<group>";
		};
		FE7CB699255BAB7D00B5034F /* VideoPlayerUITests */ = {
			isa = PBXGroup;
			children = (
				FE7CB69A255BAB7D00B5034F /* VideoPlayerUITests.swift */,
				FE7CB69C255BAB7D00B5034F /* Info.plist */,
			);
			path = VideoPlayerUITests;
			sourceTree = "<group>";
		};
/* End PBXGroup section */

/* Begin PBXNativeTarget section */
		FE7CB674255BAB7900B5034F /* VideoPlayer */ = {
			isa = PBXNativeTarget;
			buildConfigurationList = FE7CB69F255BAB7D00B5034F /* Build configuration list for PBXNativeTarget "VideoPlayer" */;
			buildPhases = (
				FE7CB671255BAB7900B5034F /* Sources */,
				FE7CB672255BAB7900B5034F /* Frameworks */,
				FE7CB673255BAB7900B5034F /* Resources */,
			);
			buildRules = (
			);
			dependencies = (
			);
			name = VideoPlayer;
			productName = VideoPlayer;
			productReference = FE7CB675255BAB7900B5034F /* VideoPlayer.app */;
			productType = "com.apple.product-type.application";
		};
		FE7CB68A255BAB7D00B5034F /* VideoPlayerTests */ = {
			isa = PBXNativeTarget;
			buildConfigurationList = FE7CB6A2255BAB7D00B5034F /* Build configuration list for PBXNativeTarget "VideoPlayerTests" */;
			buildPhases = (
				FE7CB687255BAB7D00B5034F /* Sources */,
				FE7CB688255BAB7D00B5034F /* Frameworks */,
				FE7CB689255BAB7D00B5034F /* Resources */,
			);
			buildRules = (
			);
			dependencies = (
				FE7CB68D255BAB7D00B5034F /* PBXTargetDependency */,
			);
			name = VideoPlayerTests;
			productName = VideoPlayerTests;
			productReference = FE7CB68B255BAB7D00B5034F /* VideoPlayerTests.xctest */;
			productType = "com.apple.product-type.bundle.unit-test";
		};
		FE7CB695255BAB7D00B5034F /* VideoPlayerUITests */ = {
			isa = PBXNativeTarget;
			buildConfigurationList = FE7CB6A5255BAB7D00B5034F /* Build configuration list for PBXNativeTarget "VideoPlayerUITests" */;
			buildPhases = (
				FE7CB692255BAB7D00B5034F /* Sources */,
				FE7CB693255BAB7D00B5034F /* Frameworks */,
				FE7CB694255BAB7D00B5034F /* Resources */,
			);
			buildRules = (
			);
			dependencies = (
				FE7CB698255BAB7D00B5034F /* PBXTargetDependency */,
			);
			name = VideoPlayerUITests;
			productName = VideoPlayerUITests;
			productReference = FE7CB696255BAB7D00B5034F /* VideoPlayerUITests.xctest */;
			productType = "com.apple.product-type.bundle.ui-testing";
		};
/* End PBXNativeTarget section */

/* Begin PBXProject section */
		FE7CB66D255BAB7800B5034F /* Project object */ = {
			isa = PBXProject;
			attributes = {
				LastSwiftUpdateCheck = 1210;
				LastUpgradeCheck = 1210;
				TargetAttributes = {
					FE7CB674255BAB7900B5034F = {
						CreatedOnToolsVersion = 12.1;
					};
					FE7CB68A255BAB7D00B5034F = {
						CreatedOnToolsVersion = 12.1;
						TestTargetID = FE7CB674255BAB7900B5034F;
					};
					FE7CB695255BAB7D00B5034F = {
						CreatedOnToolsVersion = 12.1;
						TestTargetID = FE7CB674255BAB7900B5034F;
					};
				};
			};
			buildConfigurationList = FE7CB670255BAB7800B5034F /* Build configuration list for PBXProject "VideoPlayer" */;
			compatibilityVersion = "Xcode 9.3";
			developmentRegion = en;
			hasScannedForEncodings = 0;
			knownRegions = (
				en,
				Base,
			);
			mainGroup = FE7CB66C255BAB7800B5034F;
			productRefGroup = FE7CB676255BAB7900B5034F /* Products */;
			projectDirPath = "";
			projectRoot = "";
			targets = (
				FE7CB674255BAB7900B5034F /* VideoPlayer */,
				FE7CB68A255BAB7D00B5034F /* VideoPlayerTests */,
				FE7CB695255BAB7D00B5034F /* VideoPlayerUITests */,
			);
		};
/* End PBXProject section */

/* Begin PBXResourcesBuildPhase section */
		FE7CB673255BAB7900B5034F /* Resources */ = {
			isa = PBXResourcesBuildPhase;
			buildActionMask = 2147483647;
			files = (
				FE7CB685255BAB7C00B5034F /* LaunchScreen.storyboard in Resources */,
				FE7CB682255BAB7C00B5034F /* Assets.xcassets in Resources */,
				FE7CB680255BAB7900B5034F /* Main.storyboard in Resources */,
			);
			runOnlyForDeploymentPostprocessing = 0;
		};
		FE7CB689255BAB7D00B5034F /* Resources */ = {
			isa = PBXResourcesBuildPhase;
			buildActionMask = 2147483647;
			files = (
			);
			runOnlyForDeploymentPostprocessing = 0;
		};
		FE7CB694255BAB7D00B5034F /* Resources */ = {
			isa = PBXResourcesBuildPhase;
			buildActionMask = 2147483647;
			files = (
			);
			runOnlyForDeploymentPostprocessing = 0;
		};
/* End PBXResourcesBuildPhase section */

/* Begin PBXSourcesBuildPhase section */
		FE7CB671255BAB7900B5034F /* Sources */ = {
			isa = PBXSourcesBuildPhase;
			buildActionMask = 2147483647;
			files = (
				FE7CB67D255BAB7900B5034F /* ViewController.swift in Sources */,
				FE7CB679255BAB7900B5034F /* AppDelegate.swift in Sources */,
				FE7CB67B255BAB7900B5034F /* SceneDelegate.swift in Sources */,
			);
			runOnlyForDeploymentPostprocessing = 0;
		};
		FE7CB687255BAB7D00B5034F /* Sources */ = {
			isa = PBXSourcesBuildPhase;
			buildActionMask = 2147483647;
			files = (
				FE7CB690255BAB7D00B5034F /* VideoPlayerTests.swift in Sources */,
			);
			runOnlyForDeploymentPostprocessing = 0;
		};
		FE7CB692255BAB7D00B5034F /* Sources */ = {
			isa = PBXSourcesBuildPhase;
			buildActionMask = 2147483647;
			files = (
				FE7CB69B255BAB7D00B5034F /* VideoPlayerUITests.swift in Sources */,
			);
			runOnlyForDeploymentPostprocessing = 0;
		};
/* End PBXSourcesBuildPhase section */

/* Begin PBXTargetDependency section */
		FE7CB68D255BAB7D00B5034F /* PBXTargetDependency */ = {
			isa = PBXTargetDependency;
			target = FE7CB674255BAB7900B5034F /* VideoPlayer */;
			targetProxy = FE7CB68C255BAB7D00B5034F /* PBXContainerItemProxy */;
		};
		FE7CB698255BAB7D00B5034F /* PBXTargetDependency */ = {
			isa = PBXTargetDependency;
			target = FE7CB674255BAB7900B5034F /* VideoPlayer */;
			targetProxy = FE7CB697255BAB7D00B5034F /* PBXContainerItemProxy */;
		};
/* End PBXTargetDependency section */

/* Begin PBXVariantGroup section */
		FE7CB67E255BAB7900B5034F /* Main.storyboard */ = {
			isa = PBXVariantGroup;
			children = (
				FE7CB67F255BAB7900B5034F /* Base */,
			);
			name = Main.storyboard;
			sourceTree = "<group>";
		};
		FE7CB683255BAB7C00B5034F /* LaunchScreen.storyboard */ = {
			isa = PBXVariantGroup;
			children = (
				FE7CB684255BAB7C00B5034F /* Base */,
			);
			name = LaunchScreen.storyboard;
			sourceTree = "<group>";
		};
/* End PBXVariantGroup section */

/* Begin XCBuildConfiguration section */
		FE7CB69D255BAB7D00B5034F /* Debug */ = {
			isa = XCBuildConfiguration;
			buildSettings = {
				ALWAYS_SEARCH_USER_PATHS = NO;
				CLANG_ANALYZER_NONNULL = YES;
				CLANG_ANALYZER_NUMBER_OBJECT_CONVERSION = YES_AGGRESSIVE;
				CLANG_CXX_LANGUAGE_STANDARD = "gnu++14";
				CLANG_CXX_LIBRARY = "libc++";
				CLANG_ENABLE_MODULES = YES;
				CLANG_ENABLE_OBJC_ARC = YES;
				CLANG_ENABLE_OBJC_WEAK = YES;
				CLANG_WARN_BLOCK_CAPTURE_AUTORELEASING = YES;
				CLANG_WARN_BOOL_CONVERSION = YES;
				CLANG_WARN_COMMA = YES;
				CLANG_WARN_CONSTANT_CONVERSION = YES;
				CLANG_WARN_DEPRECATED_OBJC_IMPLEMENTATIONS = YES;
				CLANG_WARN_DIRECT_OBJC_ISA_USAGE = YES_ERROR;
				CLANG_WARN_DOCUMENTATION_COMMENTS = YES;
				CLANG_WARN_EMPTY_BODY = YES;
				CLANG_WARN_ENUM_CONVERSION = YES;
				CLANG_WARN_INFINITE_RECURSION = YES;
				CLANG_WARN_INT_CONVERSION = YES;
				CLANG_WARN_NON_LITERAL_NULL_CONVERSION = YES;
				CLANG_WARN_OBJC_IMPLICIT_RETAIN_SELF = YES;
				CLANG_WARN_OBJC_LITERAL_CONVERSION = YES;
				CLANG_WARN_OBJC_ROOT_CLASS = YES_ERROR;
				CLANG_WARN_QUOTED_INCLUDE_IN_FRAMEWORK_HEADER = YES;
				CLANG_WARN_RANGE_LOOP_ANALYSIS = YES;
				CLANG_WARN_STRICT_PROTOTYPES = YES;
				CLANG_WARN_SUSPICIOUS_MOVE = YES;
				CLANG_WARN_UNGUARDED_AVAILABILITY = YES_AGGRESSIVE;
				CLANG_WARN_UNREACHABLE_CODE = YES;
				CLANG_WARN__DUPLICATE_METHOD_MATCH = YES;
				COPY_PHASE_STRIP = NO;
				DEBUG_INFORMATION_FORMAT = dwarf;
				ENABLE_STRICT_OBJC_MSGSEND = YES;
				ENABLE_TESTABILITY = YES;
				GCC_C_LANGUAGE_STANDARD = gnu11;
				GCC_DYNAMIC_NO_PIC = NO;
				GCC_NO_COMMON_BLOCKS = YES;
				GCC_OPTIMIZATION_LEVEL = 0;
				GCC_PREPROCESSOR_DEFINITIONS = (
					"DEBUG=1",
					"$(inherited)",
				);
				GCC_WARN_64_TO_32_BIT_CONVERSION = YES;
				GCC_WARN_ABOUT_RETURN_TYPE = YES_ERROR;
				GCC_WARN_UNDECLARED_SELECTOR = YES;
				GCC_WARN_UNINITIALIZED_AUTOS = YES_AGGRESSIVE;
				GCC_WARN_UNUSED_FUNCTION = YES;
				GCC_WARN_UNUSED_VARIABLE = YES;
				IPHONEOS_DEPLOYMENT_TARGET = 14.1;
				MTL_ENABLE_DEBUG_INFO = INCLUDE_SOURCE;
				MTL_FAST_MATH = YES;
				ONLY_ACTIVE_ARCH = YES;
				SDKROOT = iphoneos;
				SWIFT_ACTIVE_COMPILATION_CONDITIONS = DEBUG;
				SWIFT_OPTIMIZATION_LEVEL = "-Onone";
			};
			name = Debug;
		};
		FE7CB69E255BAB7D00B5034F /* Release */ = {
			isa = XCBuildConfiguration;
			buildSettings = {
				ALWAYS_SEARCH_USER_PATHS = NO;
				CLANG_ANALYZER_NONNULL = YES;
				CLANG_ANALYZER_NUMBER_OBJECT_CONVERSION = YES_AGGRESSIVE;
				CLANG_CXX_LANGUAGE_STANDARD = "gnu++14";
				CLANG_CXX_LIBRARY = "libc++";
				CLANG_ENABLE_MODULES = YES;
				CLANG_ENABLE_OBJC_ARC = YES;
				CLANG_ENABLE_OBJC_WEAK = YES;
				CLANG_WARN_BLOCK_CAPTURE_AUTORELEASING = YES;
				CLANG_WARN_BOOL_CONVERSION = YES;
				CLANG_WARN_COMMA = YES;
				CLANG_WARN_CONSTANT_CONVERSION = YES;
				CLANG_WARN_DEPRECATED_OBJC_IMPLEMENTATIONS = YES;
				CLANG_WARN_DIRECT_OBJC_ISA_USAGE = YES_ERROR;
				CLANG_WARN_DOCUMENTATION_COMMENTS = YES;
				CLANG_WARN_EMPTY_BODY = YES;
				CLANG_WARN_ENUM_CONVERSION = YES;
				CLANG_WARN_INFINITE_RECURSION = YES;
				CLANG_WARN_INT_CONVERSION = YES;
				CLANG_WARN_NON_LITERAL_NULL_CONVERSION = YES;
				CLANG_WARN_OBJC_IMPLICIT_RETAIN_SELF = YES;
				CLANG_WARN_OBJC_LITERAL_CONVERSION = YES;
				CLANG_WARN_OBJC_ROOT_CLASS = YES_ERROR;
				CLANG_WARN_QUOTED_INCLUDE_IN_FRAMEWORK_HEADER = YES;
				CLANG_WARN_RANGE_LOOP_ANALYSIS = YES;
				CLANG_WARN_STRICT_PROTOTYPES = YES;
				CLANG_WARN_SUSPICIOUS_MOVE = YES;
				CLANG_WARN_UNGUARDED_AVAILABILITY = YES_AGGRESSIVE;
				CLANG_WARN_UNREACHABLE_CODE = YES;
				CLANG_WARN__DUPLICATE_METHOD_MATCH = YES;
				COPY_PHASE_STRIP = NO;
				DEBUG_INFORMATION_FORMAT = "dwarf-with-dsym";
				ENABLE_NS_ASSERTIONS = NO;
				ENABLE_STRICT_OBJC_MSGSEND = YES;
				GCC_C_LANGUAGE_STANDARD = gnu11;
				GCC_NO_COMMON_BLOCKS = YES;
				GCC_WARN_64_TO_32_BIT_CONVERSION = YES;
				GCC_WARN_ABOUT_RETURN_TYPE = YES_ERROR;
				GCC_WARN_UNDECLARED_SELECTOR = YES;
				GCC_WARN_UNINITIALIZED_AUTOS = YES_AGGRESSIVE;
				GCC_WARN_UNUSED_FUNCTION = YES;
				GCC_WARN_UNUSED_VARIABLE = YES;
				IPHONEOS_DEPLOYMENT_TARGET = 14.1;
				MTL_ENABLE_DEBUG_INFO = NO;
				MTL_FAST_MATH = YES;
				SDKROOT = iphoneos;
				SWIFT_COMPILATION_MODE = wholemodule;
				SWIFT_OPTIMIZATION_LEVEL = "-O";
				VALIDATE_PRODUCT = YES;
			};
			name = Release;
		};
		FE7CB6A0255BAB7D00B5034F /* Debug */ = {
			isa = XCBuildConfiguration;
			buildSettings = {
				ASSETCATALOG_COMPILER_APPICON_NAME = AppIcon;
				ASSETCATALOG_COMPILER_GLOBAL_ACCENT_COLOR_NAME = AccentColor;
				CODE_SIGN_STYLE = Automatic;
				DEVELOPMENT_TEAM = YJ922C8VS4;
				INFOPLIST_FILE = VideoPlayer/Info.plist;
				LD_RUNPATH_SEARCH_PATHS = (
					"$(inherited)",
					"@executable_path/Frameworks",
				);
				PRODUCT_BUNDLE_IDENTIFIER = com.codewithdilan.VideoPlayer;
				PRODUCT_NAME = "$(TARGET_NAME)";
				SWIFT_VERSION = 5.0;
				TARGETED_DEVICE_FAMILY = "1,2";
			};
			name = Debug;
		};
		FE7CB6A1255BAB7D00B5034F /* Release */ = {
			isa = XCBuildConfiguration;
			buildSettings = {
				ASSETCATALOG_COMPILER_APPICON_NAME = AppIcon;
				ASSETCATALOG_COMPILER_GLOBAL_ACCENT_COLOR_NAME = AccentColor;
				CODE_SIGN_STYLE = Automatic;
				DEVELOPMENT_TEAM = YJ922C8VS4;
				INFOPLIST_FILE = VideoPlayer/Info.plist;
				LD_RUNPATH_SEARCH_PATHS = (
					"$(inherited)",
					"@executable_path/Frameworks",
				);
				PRODUCT_BUNDLE_IDENTIFIER = com.codewithdilan.VideoPlayer;
				PRODUCT_NAME = "$(TARGET_NAME)";
				SWIFT_VERSION = 5.0;
				TARGETED_DEVICE_FAMILY = "1,2";
			};
			name = Release;
		};
		FE7CB6A3255BAB7D00B5034F /* Debug */ = {
			isa = XCBuildConfiguration;
			buildSettings = {
				ALWAYS_EMBED_SWIFT_STANDARD_LIBRARIES = YES;
				BUNDLE_LOADER = "$(TEST_HOST)";
				CODE_SIGN_STYLE = Automatic;
				DEVELOPMENT_TEAM = YJ922C8VS4;
				INFOPLIST_FILE = VideoPlayerTests/Info.plist;
				IPHONEOS_DEPLOYMENT_TARGET = 14.1;
				LD_RUNPATH_SEARCH_PATHS = (
					"$(inherited)",
					"@executable_path/Frameworks",
					"@loader_path/Frameworks",
				);
				PRODUCT_BUNDLE_IDENTIFIER = com.codewithdilan.VideoPlayerTests;
				PRODUCT_NAME = "$(TARGET_NAME)";
				SWIFT_VERSION = 5.0;
				TARGETED_DEVICE_FAMILY = "1,2";
				TEST_HOST = "$(BUILT_PRODUCTS_DIR)/VideoPlayer.app/VideoPlayer";
			};
			name = Debug;
		};
		FE7CB6A4255BAB7D00B5034F /* Release */ = {
			isa = XCBuildConfiguration;
			buildSettings = {
				ALWAYS_EMBED_SWIFT_STANDARD_LIBRARIES = YES;
				BUNDLE_LOADER = "$(TEST_HOST)";
				CODE_SIGN_STYLE = Automatic;
				DEVELOPMENT_TEAM = YJ922C8VS4;
				INFOPLIST_FILE = VideoPlayerTests/Info.plist;
				IPHONEOS_DEPLOYMENT_TARGET = 14.1;
				LD_RUNPATH_SEARCH_PATHS = (
					"$(inherited)",
					"@executable_path/Frameworks",
					"@loader_path/Frameworks",
				);
				PRODUCT_BUNDLE_IDENTIFIER = com.codewithdilan.VideoPlayerTests;
				PRODUCT_NAME = "$(TARGET_NAME)";
				SWIFT_VERSION = 5.0;
				TARGETED_DEVICE_FAMILY = "1,2";
				TEST_HOST = "$(BUILT_PRODUCTS_DIR)/VideoPlayer.app/VideoPlayer";
			};
			name = Release;
		};
		FE7CB6A6255BAB7D00B5034F /* Debug */ = {
			isa = XCBuildConfiguration;
			buildSettings = {
				ALWAYS_EMBED_SWIFT_STANDARD_LIBRARIES = YES;
				CODE_SIGN_STYLE = Automatic;
				DEVELOPMENT_TEAM = YJ922C8VS4;
				INFOPLIST_FILE = VideoPlayerUITests/Info.plist;
				LD_RUNPATH_SEARCH_PATHS = (
					"$(inherited)",
					"@executable_path/Frameworks",
					"@loader_path/Frameworks",
				);
				PRODUCT_BUNDLE_IDENTIFIER = com.codewithdilan.VideoPlayerUITests;
				PRODUCT_NAME = "$(TARGET_NAME)";
				SWIFT_VERSION = 5.0;
				TARGETED_DEVICE_FAMILY = "1,2";
				TEST_TARGET_NAME = VideoPlayer;
			};
			name = Debug;
		};
		FE7CB6A7255BAB7D00B5034F /* Release */ = {
			isa = XCBuildConfiguration;
			buildSettings = {
				ALWAYS_EMBED_SWIFT_STANDARD_LIBRARIES = YES;
				CODE_SIGN_STYLE = Automatic;
				DEVELOPMENT_TEAM = YJ922C8VS4;
				INFOPLIST_FILE = VideoPlayerUITests/Info.plist;
				LD_RUNPATH_SEARCH_PATHS = (
					"$(inherited)",
					"@executable_path/Frameworks",
					"@loader_path/Frameworks",
				);
				PRODUCT_BUNDLE_IDENTIFIER = com.codewithdilan.VideoPlayerUITests;
				PRODUCT_NAME = "$(TARGET_NAME)";
				SWIFT_VERSION = 5.0;
				TARGETED_DEVICE_FAMILY = "1,2";
				TEST_TARGET_NAME = VideoPlayer;
			};
			name = Release;
		};
/* End XCBuildConfiguration section */

/* Begin XCConfigurationList section */
		FE7CB670255BAB7800B5034F /* Build configuration list for PBXProject "VideoPlayer" */ = {
			isa = XCConfigurationList;
			buildConfigurations = (
				FE7CB69D255BAB7D00B5034F /* Debug */,
				FE7CB69E255BAB7D00B5034F /* Release */,
			);
			defaultConfigurationIsVisible = 0;
			defaultConfigurationName = Release;
		};
		FE7CB69F255BAB7D00B5034F /* Build configuration list for PBXNativeTarget "VideoPlayer" */ = {
			isa = XCConfigurationList;
			buildConfigurations = (
				FE7CB6A0255BAB7D00B5034F /* Debug */,
				FE7CB6A1255BAB7D00B5034F /* Release */,
			);
			defaultConfigurationIsVisible = 0;
			defaultConfigurationName = Release;
		};
		FE7CB6A2255BAB7D00B5034F /* Build configuration list for PBXNativeTarget "VideoPlayerTests" */ = {
			isa = XCConfigurationList;
			buildConfigurations = (
				FE7CB6A3255BAB7D00B5034F /* Debug */,
				FE7CB6A4255BAB7D00B5034F /* Release */,
			);
			defaultConfigurationIsVisible = 0;
			defaultConfigurationName = Release;
		};
		FE7CB6A5255BAB7D00B5034F /* Build configuration list for PBXNativeTarget "VideoPlayerUITests" */ = {
			isa = XCConfigurationList;
			buildConfigurations = (
				FE7CB6A6255BAB7D00B5034F /* Debug */,
				FE7CB6A7255BAB7D00B5034F /* Release */,
			);
			defaultConfigurationIsVisible = 0;
			defaultConfigurationName = Release;
		};
/* End XCConfigurationList section */
	};
	rootObject = FE7CB66D255BAB7800B5034F /* Project object */;
}
